
Microsoft Visual Studio Solution File, Format Version 12.00
# Visual Studio Version 16
VisualStudioVersion = 16.0.30204.135
MinimumVisualStudioVersion = 10.0.40219.1
Project("{FAE04EC0-301F-11D3-BF4B-00C04F79EFBC}") = "SystemProgramming_0803", "SystemProgramming_0803\SystemProgramming_0803.csproj", "{0DB38738-1511-4A59-A6FD-0470CAB74C4A}"
EndProject
Global
	GlobalSection(SolutionConfigurationPlatforms) = preSolution
		Debug|Any CPU = Debug|Any CPU
		Release|Any CPU = Release|Any CPU
	EndGlobalSection
	GlobalSection(ProjectConfigurationPlatforms) = postSolution
		{0DB38738-1511-4A59-A6FD-0470CAB74C4A}.Debug|Any CPU.ActiveCfg = Debug|Any CPU
		{0DB38738-1511-4A59-A6FD-0470CAB74C4A}.Debug|Any CPU.Build.0 = Debug|Any CPU
		{0DB38738-1511-4A59-A6FD-0470CAB74C4A}.Release|Any CPU.ActiveCfg = Release|Any CPU
		{0DB38738-1511-4A59-A6FD-0470CAB74C4A}.Release|Any CPU.Build.0 = Release|Any CPU
	EndGlobalSection
	GlobalSection(SolutionProperties) = preSolution
		HideSolutionNode = FALSE
	EndGlobalSection
	GlobalSection(ExtensibilityGlobals) = postSolution
		SolutionGuid = {AB3B39C2-AD8B-4F5E-A3CC-156D60226E9B}
	EndGlobalSection
EndGlobal
